
Microsoft Visual Studio Solution File, Format Version 12.00
Project("{FAE04EC0-301F-11D3-BF4B-00C04F79EFBC}") = "Lab01-1", "Lab01-1\Lab01-1.csproj", "{4BF1ED41-BEA5-4940-B61D-50B127B63EB9}"
EndProject
Project("{FAE04EC0-301F-11D3-BF4B-00C04F79EFBC}") = "Lab01-2", "Lab01-2\Lab01-2.csproj", "{982D5DEB-BC84-4D41-9F0C-420CE39E308D}"
EndProject
Project("{FAE04EC0-301F-11D3-BF4B-00C04F79EFBC}") = "Lab02-2023", "Lab02-2023\Lab02-2023.csproj", "{C21B2D18-AEB5-4FDE-8B75-E6157C04793E}"
EndProject
Project("{FAE04EC0-301F-11D3-BF4B-00C04F79EFBC}") = "Lab02", "Lab02\Lab02.csproj", "{D9236ADB-3F26-405C-A6F2-0E0680956E64}"
EndProject
Project("{FAE04EC0-301F-11D3-BF4B-00C04F79EFBC}") = "Lab03-1", "Lab03-1\Lab03-1.csproj", "{9D3FCB35-35D9-4222-851E-F886B8DDD2F4}"
EndProject
Project("{FAE04EC0-301F-11D3-BF4B-00C04F79EFBC}") = "Lab03-2", "Lab03-2\Lab03-2.csproj", "{99170EDA-070F-4240-8E50-056DB60786EF}"
EndProject
Project("{FAE04EC0-301F-11D3-BF4B-00C04F79EFBC}") = "Lab04-2023", "Lab04-2023\Lab04-2023.csproj", "{8F4A3FAA-E7CB-40D0-8B20-E41854A94F29}"
EndProject
Project("{FAE04EC0-301F-11D3-BF4B-00C04F79EFBC}") = "Lab04", "Lab04\Lab04.csproj", "{57A81363-3293-43C4-88F4-8ABBD0801518}"
EndProject
Project("{FAE04EC0-301F-11D3-BF4B-00C04F79EFBC}") = "Lab05-1", "Lab05-1\Lab05-1.csproj", "{4A2B7334-2DE1-4FD8-9903-A5E952BB02D3}"
EndProject
Project("{FAE04EC0-301F-11D3-BF4B-00C04F79EFBC}") = "Lab05-2", "Lab05-2\Lab05-2.csproj", "{013CDF70-032B-4929-8E8A-ED30514AC3AC}"
EndProject
Project("{FAE04EC0-301F-11D3-BF4B-00C04F79EFBC}") = "Lab06-2022", "Lab06-2022\Lab06-2022.csproj", "{DC2D48CB-1520-4640-97DF-E45C5BB7E755}"
EndProject
Project("{FAE04EC0-301F-11D3-BF4B-00C04F79EFBC}") = "Lab06", "Lab06\Lab06.csproj", "{80FF9A27-7D20-4C04-A4F4-83A18EEC9AF3}"
EndProject
Project("{FAE04EC0-301F-11D3-BF4B-00C04F79EFBC}") = "Lab08", "Lab08\Lab08.csproj", "{A618D122-6631-4A17-AEF8-AF27DE8A623B}"
EndProject
Project("{FAE04EC0-301F-11D3-BF4B-00C04F79EFBC}") = "Lab09-1", "Lab09-1\Lab09-1.csproj", "{C9F0C6AD-3018-42D6-892F-DD57AB08E269}"
EndProject
Project("{FAE04EC0-301F-11D3-BF4B-00C04F79EFBC}") = "Lab09-2", "Lab09-2\Lab09-2.csproj", "{4D5C2380-D7C6-40C5-BA2E-8C2768FC268D}"
EndProject
Project("{FAE04EC0-301F-11D3-BF4B-00C04F79EFBC}") = "Lab10-2022", "Lab10-2022\Lab10-2022.csproj", "{B961AA48-B788-48A7-8B84-3166771F3A96}"
EndProject
Project("{FAE04EC0-301F-11D3-BF4B-00C04F79EFBC}") = "Lab10", "Lab10\Lab10.csproj", "{75315B22-25DC-4A0A-BEB7-59291610417A}"
EndProject
Project("{FAE04EC0-301F-11D3-BF4B-00C04F79EFBC}") = "Lab11-1", "Lab11-1\Lab11-1.csproj", "{C575BEF5-C289-4FE3-A852-1031E63AE5EE}"
EndProject
Project("{FAE04EC0-301F-11D3-BF4B-00C04F79EFBC}") = "Lab12", "Lab12\Lab12.csproj", "{FADC2688-E198-453F-A957-D7D5464BC83D}"
EndProject
Project("{FAE04EC0-301F-11D3-BF4B-00C04F79EFBC}") = "Lab13-1", "Lab13-1\Lab13-1.csproj", "{0D31B924-A812-4D5F-AFE1-267FFE1DB64A}"
EndProject
Project("{FAE04EC0-301F-11D3-BF4B-00C04F79EFBC}") = "Lab15", "Lab15\Lab15.csproj", "{66ECE109-04C3-4955-9491-F36A7902CACB}"
EndProject
Project("{FAE04EC0-301F-11D3-BF4B-00C04F79EFBC}") = "Lab14", "Lab14\Lab14.csproj", "{2AC272F2-7284-448E-83F8-558EA56A6882}"
EndProject
Project("{FAE04EC0-301F-11D3-BF4B-00C04F79EFBC}") = "Lab07-2", "Lab07-2\Lab07-2.csproj", "{85ED9029-D149-439D-8ADC-11ED9EFB89C9}"
EndProject
Project("{FAE04EC0-301F-11D3-BF4B-00C04F79EFBC}") = "Lab11-2", "Lab11-2\Lab11-2.csproj", "{3C8BB1E8-285F-4E7F-9A73-5FDED2D95755}"
EndProject
Project("{FAE04EC0-301F-11D3-BF4B-00C04F79EFBC}") = "Lab13-2", "Lab13-2\Lab13-2.csproj", "{880A40E9-8F36-4D84-A948-D837EEEBAFC0}"
EndProject
Project("{FAE04EC0-301F-11D3-BF4B-00C04F79EFBC}") = "Lab07-1", "Lab07-1\Lab07-1.csproj", "{3D1E378B-87A9-42F5-8153-89DB391C20FF}"
EndProject
Project("{FAE04EC0-301F-11D3-BF4B-00C04F79EFBC}") = "Lab08-2022", "Lab08-2022\Lab08-2022.csproj", "{6511FEA2-F24F-4980-8DB5-33E8DB6E3C02}"
EndProject
Global
	GlobalSection(SolutionConfigurationPlatforms) = preSolution
		Debug|Any CPU = Debug|Any CPU
		Release|Any CPU = Release|Any CPU
	EndGlobalSection
	GlobalSection(ProjectConfigurationPlatforms) = postSolution
		{4BF1ED41-BEA5-4940-B61D-50B127B63EB9}.Debug|Any CPU.ActiveCfg = Debug|Any CPU
		{4BF1ED41-BEA5-4940-B61D-50B127B63EB9}.Debug|Any CPU.Build.0 = Debug|Any CPU
		{4BF1ED41-BEA5-4940-B61D-50B127B63EB9}.Release|Any CPU.ActiveCfg = Release|Any CPU
		{4BF1ED41-BEA5-4940-B61D-50B127B63EB9}.Release|Any CPU.Build.0 = Release|Any CPU
		{982D5DEB-BC84-4D41-9F0C-420CE39E308D}.Debug|Any CPU.ActiveCfg = Debug|Any CPU
		{982D5DEB-BC84-4D41-9F0C-420CE39E308D}.Debug|Any CPU.Build.0 = Debug|Any CPU
		{982D5DEB-BC84-4D41-9F0C-420CE39E308D}.Release|Any CPU.ActiveCfg = Release|Any CPU
		{982D5DEB-BC84-4D41-9F0C-420CE39E308D}.Release|Any CPU.Build.0 = Release|Any CPU
		{C21B2D18-AEB5-4FDE-8B75-E6157C04793E}.Debug|Any CPU.ActiveCfg = Debug|Any CPU
		{C21B2D18-AEB5-4FDE-8B75-E6157C04793E}.Debug|Any CPU.Build.0 = Debug|Any CPU
		{C21B2D18-AEB5-4FDE-8B75-E6157C04793E}.Release|Any CPU.ActiveCfg = Release|Any CPU
		{C21B2D18-AEB5-4FDE-8B75-E6157C04793E}.Release|Any CPU.Build.0 = Release|Any CPU
		{D9236ADB-3F26-405C-A6F2-0E0680956E64}.Debug|Any CPU.ActiveCfg = Debug|Any CPU
		{D9236ADB-3F26-405C-A6F2-0E0680956E64}.Debug|Any CPU.Build.0 = Debug|Any CPU
		{D9236ADB-3F26-405C-A6F2-0E0680956E64}.Release|Any CPU.ActiveCfg = Release|Any CPU
		{D9236ADB-3F26-405C-A6F2-0E0680956E64}.Release|Any CPU.Build.0 = Release|Any CPU
		{9D3FCB35-35D9-4222-851E-F886B8DDD2F4}.Debug|Any CPU.ActiveCfg = Debug|Any CPU
		{9D3FCB35-35D9-4222-851E-F886B8DDD2F4}.Debug|Any CPU.Build.0 = Debug|Any CPU
		{9D3FCB35-35D9-4222-851E-F886B8DDD2F4}.Release|Any CPU.ActiveCfg = Release|Any CPU
		{9D3FCB35-35D9-4222-851E-F886B8DDD2F4}.Release|Any CPU.Build.0 = Release|Any CPU
		{99170EDA-070F-4240-8E50-056DB60786EF}.Debug|Any CPU.ActiveCfg = Debug|Any CPU
		{99170EDA-070F-4240-8E50-056DB60786EF}.Debug|Any CPU.Build.0 = Debug|Any CPU
		{99170EDA-070F-4240-8E50-056DB60786EF}.Release|Any CPU.ActiveCfg = Release|Any CPU
		{99170EDA-070F-4240-8E50-056DB60786EF}.Release|Any CPU.Build.0 = Release|Any CPU
		{8F4A3FAA-E7CB-40D0-8B20-E41854A94F29}.Debug|Any CPU.ActiveCfg = Debug|Any CPU
		{8F4A3FAA-E7CB-40D0-8B20-E41854A94F29}.Debug|Any CPU.Build.0 = Debug|Any CPU
		{8F4A3FAA-E7CB-40D0-8B20-E41854A94F29}.Release|Any CPU.ActiveCfg = Release|Any CPU
		{8F4A3FAA-E7CB-40D0-8B20-E41854A94F29}.Release|Any CPU.Build.0 = Release|Any CPU
		{57A81363-3293-43C4-88F4-8ABBD0801518}.Debug|Any CPU.ActiveCfg = Debug|Any CPU
		{57A81363-3293-43C4-88F4-8ABBD0801518}.Debug|Any CPU.Build.0 = Debug|Any CPU
		{57A81363-3293-43C4-88F4-8ABBD0801518}.Release|Any CPU.ActiveCfg = Release|Any CPU
		{57A81363-3293-43C4-88F4-8ABBD0801518}.Release|Any CPU.Build.0 = Release|Any CPU
		{4A2B7334-2DE1-4FD8-9903-A5E952BB02D3}.Debug|Any CPU.ActiveCfg = Debug|Any CPU
		{4A2B7334-2DE1-4FD8-9903-A5E952BB02D3}.Debug|Any CPU.Build.0 = Debug|Any CPU
		{4A2B7334-2DE1-4FD8-9903-A5E952BB02D3}.Release|Any CPU.ActiveCfg = Release|Any CPU
		{4A2B7334-2DE1-4FD8-9903-A5E952BB02D3}.Release|Any CPU.Build.0 = Release|Any CPU
		{013CDF70-032B-4929-8E8A-ED30514AC3AC}.Debug|Any CPU.ActiveCfg = Debug|Any CPU
		{013CDF70-032B-4929-8E8A-ED30514AC3AC}.Debug|Any CPU.Build.0 = Debug|Any CPU
		{013CDF70-032B-4929-8E8A-ED30514AC3AC}.Release|Any CPU.ActiveCfg = Release|Any CPU
		{013CDF70-032B-4929-8E8A-ED30514AC3AC}.Release|Any CPU.Build.0 = Release|Any CPU
		{DC2D48CB-1520-4640-97DF-E45C5BB7E755}.Debug|Any CPU.ActiveCfg = Debug|Any CPU
		{DC2D48CB-1520-4640-97DF-E45C5BB7E755}.Debug|Any CPU.Build.0 = Debug|Any CPU
		{DC2D48CB-1520-4640-97DF-E45C5BB7E755}.Release|Any CPU.ActiveCfg = Release|Any CPU
		{DC2D48CB-1520-4640-97DF-E45C5BB7E755}.Release|Any CPU.Build.0 = Release|Any CPU
		{80FF9A27-7D20-4C04-A4F4-83A18EEC9AF3}.Debug|Any CPU.ActiveCfg = Debug|Any CPU
		{80FF9A27-7D20-4C04-A4F4-83A18EEC9AF3}.Debug|Any CPU.Build.0 = Debug|Any CPU
		{80FF9A27-7D20-4C04-A4F4-83A18EEC9AF3}.Release|Any CPU.ActiveCfg = Release|Any CPU
		{80FF9A27-7D20-4C04-A4F4-83A18EEC9AF3}.Release|Any CPU.Build.0 = Release|Any CPU
		{A618D122-6631-4A17-AEF8-AF27DE8A623B}.Debug|Any CPU.ActiveCfg = Debug|Any CPU
		{A618D122-6631-4A17-AEF8-AF27DE8A623B}.Debug|Any CPU.Build.0 = Debug|Any CPU
		{A618D122-6631-4A17-AEF8-AF27DE8A623B}.Release|Any CPU.ActiveCfg = Release|Any CPU
		{A618D122-6631-4A17-AEF8-AF27DE8A623B}.Release|Any CPU.Build.0 = Release|Any CPU
		{C9F0C6AD-3018-42D6-892F-DD57AB08E269}.Debug|Any CPU.ActiveCfg = Debug|Any CPU
		{C9F0C6AD-3018-42D6-892F-DD57AB08E269}.Debug|Any CPU.Build.0 = Debug|Any CPU
		{C9F0C6AD-3018-42D6-892F-DD57AB08E269}.Release|Any CPU.ActiveCfg = Release|Any CPU
		{C9F0C6AD-3018-42D6-892F-DD57AB08E269}.Release|Any CPU.Build.0 = Release|Any CPU
		{4D5C2380-D7C6-40C5-BA2E-8C2768FC268D}.Debug|Any CPU.ActiveCfg = Debug|Any CPU
		{4D5C2380-D7C6-40C5-BA2E-8C2768FC268D}.Debug|Any CPU.Build.0 = Debug|Any CPU
		{4D5C2380-D7C6-40C5-BA2E-8C2768FC268D}.Release|Any CPU.ActiveCfg = Release|Any CPU
		{4D5C2380-D7C6-40C5-BA2E-8C2768FC268D}.Release|Any CPU.Build.0 = Release|Any CPU
		{B961AA48-B788-48A7-8B84-3166771F3A96}.Debug|Any CPU.ActiveCfg = Debug|Any CPU
		{B961AA48-B788-48A7-8B84-3166771F3A96}.Debug|Any CPU.Build.0 = Debug|Any CPU
		{B961AA48-B788-48A7-8B84-3166771F3A96}.Release|Any CPU.ActiveCfg = Release|Any CPU
		{B961AA48-B788-48A7-8B84-3166771F3A96}.Release|Any CPU.Build.0 = Release|Any CPU
		{75315B22-25DC-4A0A-BEB7-59291610417A}.Debug|Any CPU.ActiveCfg = Debug|Any CPU
		{75315B22-25DC-4A0A-BEB7-59291610417A}.Debug|Any CPU.Build.0 = Debug|Any CPU
		{75315B22-25DC-4A0A-BEB7-59291610417A}.Release|Any CPU.ActiveCfg = Release|Any CPU
		{75315B22-25DC-4A0A-BEB7-59291610417A}.Release|Any CPU.Build.0 = Release|Any CPU
		{C575BEF5-C289-4FE3-A852-1031E63AE5EE}.Debug|Any CPU.ActiveCfg = Debug|Any CPU
		{C575BEF5-C289-4FE3-A852-1031E63AE5EE}.Debug|Any CPU.Build.0 = Debug|Any CPU
		{C575BEF5-C289-4FE3-A852-1031E63AE5EE}.Release|Any CPU.ActiveCfg = Release|Any CPU
		{C575BEF5-C289-4FE3-A852-1031E63AE5EE}.Release|Any CPU.Build.0 = Release|Any CPU
		{FADC2688-E198-453F-A957-D7D5464BC83D}.Debug|Any CPU.ActiveCfg = Debug|Any CPU
		{FADC2688-E198-453F-A957-D7D5464BC83D}.Debug|Any CPU.Build.0 = Debug|Any CPU
		{FADC2688-E198-453F-A957-D7D5464BC83D}.Release|Any CPU.ActiveCfg = Release|Any CPU
		{FADC2688-E198-453F-A957-D7D5464BC83D}.Release|Any CPU.Build.0 = Release|Any CPU
		{0D31B924-A812-4D5F-AFE1-267FFE1DB64A}.Debug|Any CPU.ActiveCfg = Debug|Any CPU
		{0D31B924-A812-4D5F-AFE1-267FFE1DB64A}.Debug|Any CPU.Build.0 = Debug|Any CPU
		{0D31B924-A812-4D5F-AFE1-267FFE1DB64A}.Release|Any CPU.ActiveCfg = Release|Any CPU
		{0D31B924-A812-4D5F-AFE1-267FFE1DB64A}.Release|Any CPU.Build.0 = Release|Any CPU
		{66ECE109-04C3-4955-9491-F36A7902CACB}.Debug|Any CPU.ActiveCfg = Debug|Any CPU
		{66ECE109-04C3-4955-9491-F36A7902CACB}.Debug|Any CPU.Build.0 = Debug|Any CPU
		{66ECE109-04C3-4955-9491-F36A7902CACB}.Release|Any CPU.ActiveCfg = Release|Any CPU
		{66ECE109-04C3-4955-9491-F36A7902CACB}.Release|Any CPU.Build.0 = Release|Any CPU
		{2AC272F2-7284-448E-83F8-558EA56A6882}.Debug|Any CPU.ActiveCfg = Debug|Any CPU
		{2AC272F2-7284-448E-83F8-558EA56A6882}.Debug|Any CPU.Build.0 = Debug|Any CPU
		{2AC272F2-7284-448E-83F8-558EA56A6882}.Release|Any CPU.ActiveCfg = Release|Any CPU
		{2AC272F2-7284-448E-83F8-558EA56A6882}.Release|Any CPU.Build.0 = Release|Any CPU
		{85ED9029-D149-439D-8ADC-11ED9EFB89C9}.Debug|Any CPU.ActiveCfg = Debug|Any CPU
		{85ED9029-D149-439D-8ADC-11ED9EFB89C9}.Debug|Any CPU.Build.0 = Debug|Any CPU
		{85ED9029-D149-439D-8ADC-11ED9EFB89C9}.Release|Any CPU.ActiveCfg = Release|Any CPU
		{85ED9029-D149-439D-8ADC-11ED9EFB89C9}.Release|Any CPU.Build.0 = Release|Any CPU
		{3C8BB1E8-285F-4E7F-9A73-5FDED2D95755}.Debug|Any CPU.ActiveCfg = Debug|Any CPU
		{3C8BB1E8-285F-4E7F-9A73-5FDED2D95755}.Debug|Any CPU.Build.0 = Debug|Any CPU
		{3C8BB1E8-285F-4E7F-9A73-5FDED2D95755}.Release|Any CPU.ActiveCfg = Release|Any CPU
		{3C8BB1E8-285F-4E7F-9A73-5FDED2D95755}.Release|Any CPU.Build.0 = Release|Any CPU
		{880A40E9-8F36-4D84-A948-D837EEEBAFC0}.Debug|Any CPU.ActiveCfg = Debug|Any CPU
		{880A40E9-8F36-4D84-A948-D837EEEBAFC0}.Debug|Any CPU.Build.0 = Debug|Any CPU
		{880A40E9-8F36-4D84-A948-D837EEEBAFC0}.Release|Any CPU.ActiveCfg = Release|Any CPU
		{880A40E9-8F36-4D84-A948-D837EEEBAFC0}.Release|Any CPU.Build.0 = Release|Any CPU
		{3D1E378B-87A9-42F5-8153-89DB391C20FF}.Debug|Any CPU.ActiveCfg = Debug|Any CPU
		{3D1E378B-87A9-42F5-8153-89DB391C20FF}.Debug|Any CPU.Build.0 = Debug|Any CPU
		{3D1E378B-87A9-42F5-8153-89DB391C20FF}.Release|Any CPU.ActiveCfg = Release|Any CPU
		{3D1E378B-87A9-42F5-8153-89DB391C20FF}.Release|Any CPU.Build.0 = Release|Any CPU
		{6511FEA2-F24F-4980-8DB5-33E8DB6E3C02}.Debug|Any CPU.ActiveCfg = Debug|Any CPU
		{6511FEA2-F24F-4980-8DB5-33E8DB6E3C02}.Debug|Any CPU.Build.0 = Debug|Any CPU
		{6511FEA2-F24F-4980-8DB5-33E8DB6E3C02}.Release|Any CPU.ActiveCfg = Release|Any CPU
		{6511FEA2-F24F-4980-8DB5-33E8DB6E3C02}.Release|Any CPU.Build.0 = Release|Any CPU
	EndGlobalSection
EndGlobal
